{
  "name": "devhub",
  "version": "1.0.0",
  "lockfileVersion": 3,
  "requires": true,
  "packages": {
    "": {
      "name": "devhub",
      "version": "1.0.0",
      "license": "ISC",
      "devDependencies": {
        "turbo": "^2.9.0"
      }
    },
    "node_modules/@turbo/darwin-64": {
      "version": "2.9.0",
      "resolved": "https://registry.npmjs.org/@turbo/darwin-64/-/darwin-64-2.9.0.tgz",
      "integrity": "sha512-owaWYafOebw2en9INuP321/fSN82pIQl38VLgIDd6YJ7+jUasEkORQEkWUC8aAqsIsukLhbGdPnklzUqBwBijQ==",
      "cpu": [
        "x64"
      ],
      "dev": true,
      "license": "MIT",
      "optional": true,
      "os": [
        "darwin"
      ]
    },
    "node_modules/@turbo/darwin-arm64": {
      "version": "2.9.0",
      "resolved": "https://registry.npmjs.org/@turbo/darwin-arm64/-/darwin-arm64-2.9.0.tgz",
      "integrity": "sha512-1Jj+CXYexJraJ/vvNg5fN9cyVKx/KJyDcWVHvqZWc3aMCC/M4+HxUtnrMu1MEttv5gA4vKOGwa2FCJ9VmfSUGg==",
      "cpu": [
        "arm64"
      ],
      "dev": true,
      "license": "MIT",
      "optional": true,
      "os": [
        "darwin"
      ]
    },
    "node_modules/@turbo/linux-64": {
      "version": "2.9.0",
      "resolved": "https://registry.npmjs.org/@turbo/linux-64/-/linux-64-2.9.0.tgz",
      "integrity": "sha512-OcCTATltui6jKitb+PaYwiIkLi3bjBP9+9e7gyh0jbivXKoeIFQniMMXbXScQY28zidHw300Ym5itxBMsT/tGw==",
      "cpu": [
        "x64"
      ],
      "dev": true,
      "license": "MIT",
      "optional": true,
      "os": [
        "linux"
      ]
    },
    "node_modules/@turbo/linux-arm64": {
      "version": "2.9.0",
      "resolved": "https://registry.npmjs.org/@turbo/linux-arm64/-/linux-arm64-2.9.0.tgz",
      "integrity": "sha512-+NaycIHwYmwt5WLa6V5OZGgtvPwUTwenA7cYLHo+QBsGW7uGROPvOpFU0WED2C5KcGvlu4GP9ks3Ih6Cg5oZew==",
      "cpu": [
        "arm64"
      ],
      "dev": true,
      "license": "MIT",
      "optional": true,
      "os": [
        "linux"
      ]
    },
    "node_modules/@turbo/windows-64": {
      "version": "2.9.0",
      "resolved": "https://registry.npmjs.org/@turbo/windows-64/-/windows-64-2.9.0.tgz",
      "integrity": "sha512-HCFf7WXdGWzCQw76/34l/BdYC9tzOihYAQX6ks34WY6MnhpPPAO9YbfV1c/SBcTIjpnQhoAGEBBYrQQ9h7R18w==",
      "cpu": [
        "x64"
      ],
      "dev": true,
      "license": "MIT",
      "optional": true,
      "os": [
        "win32"
      ]
    },
    "node_modules/@turbo/windows-arm64": {
      "version": "2.9.0",
      "resolved": "https://registry.npmjs.org/@turbo/windows-arm64/-/windows-arm64-2.9.0.tgz",
      "integrity": "sha512-/pdxvCMtom9qYplukZzacCL96Vht/datjiRYc3M1geknY+mg8+f047xLxe98PwNhX1sZyovea4RtH8bNU7JLGA==",
      "cpu": [
        "arm64"
      ],
      "dev": true,
      "license": "MIT",
      "optional": true,
      "os": [
        "win32"
      ]
    },
    "node_modules/turbo": {
      "version": "2.9.0",
      "resolved": "https://registry.npmjs.org/turbo/-/turbo-2.9.0.tgz",
      "integrity": "sha512-T1PcaG7rej+JLqCyIwwu9NqKiWsoTrEsiSMj4aS9xlPsXoAZw+N8yZjKRdh1WwcQPrAeB0qswgPDoHG59hF4CQ==",
      "dev": true,
      "license": "MIT",
      "bin": {
        "turbo": "bin/turbo"
      },
      "optionalDependencies": {
        "@turbo/darwin-64": "2.9.0",
        "@turbo/darwin-arm64": "2.9.0",
        "@turbo/linux-64": "2.9.0",
        "@turbo/linux-arm64": "2.9.0",
        "@turbo/windows-64": "2.9.0",
        "@turbo/windows-arm64": "2.9.0"
      }
    }
  }
}
